Microsoft Visual Studio Solution File, Format Version 12.00
# Visual Studio 2012
Project("{FAE04EC0-301F-11D3-BF4B-00C04F79EFBC}") = "Test 2 Fova", "Test 2 Fova.csproj", "{9B6A4027-C69F-4679-83C6-A3343C5ACCF1}"
EndProject
Global
	GlobalSection(SolutionConfigurationPlatforms) = preSolution
	Debug|Any CPU = Debug|Any CPU
	ExportDebug|Any CPU = ExportDebug|Any CPU
	ExportRelease|Any CPU = ExportRelease|Any CPU
	EndGlobalSection
	GlobalSection(ProjectConfigurationPlatforms) = postSolution
		{9B6A4027-C69F-4679-83C6-A3343C5ACCF1}.Debug|Any CPU.ActiveCfg = Debug|Any CPU
		{9B6A4027-C69F-4679-83C6-A3343C5ACCF1}.Debug|Any CPU.Build.0 = Debug|Any CPU
		{9B6A4027-C69F-4679-83C6-A3343C5ACCF1}.ExportDebug|Any CPU.ActiveCfg = ExportDebug|Any CPU
		{9B6A4027-C69F-4679-83C6-A3343C5ACCF1}.ExportDebug|Any CPU.Build.0 = ExportDebug|Any CPU
		{9B6A4027-C69F-4679-83C6-A3343C5ACCF1}.ExportRelease|Any CPU.ActiveCfg = ExportRelease|Any CPU
		{9B6A4027-C69F-4679-83C6-A3343C5ACCF1}.ExportRelease|Any CPU.Build.0 = ExportRelease|Any CPU
	EndGlobalSection
EndGlobal
